{
    "_readme": [
        "This file locks the dependencies of your project to a known state",
        "Read more about it at http://getcomposer.org/doc/01-basic-usage.md#composer-lock-the-lock-file"
    ],
    "hash": "28bd983ca4794d7fb3ad4cad46f42ab5",
    "packages": [
        {
            "name": "evernote/evernote",
            "version": "1.23.3",
            "source": {
                "type": "git",
                "url": "https://github.com/evernote/evernote-sdk-php.git",
                "reference": "9b9a0dd531b3f2bf56755a914f064da75e73209f"
            },
            "dist": {
                "type": "zip",
                "url": "https://api.github.com/repos/evernote/evernote-sdk-php/zipball/9b9a0dd531b3f2bf56755a914f064da75e73209f",
                "reference": "9b9a0dd531b3f2bf56755a914f064da75e73209f",
                "shasum": ""
            },
            "require": {
                "php": ">=5.3"
            },
            "type": "library",
            "autoload": {
                "classmap": [
                    "lib/"
                ]
            },
            "notification-url": "https://packagist.org/downloads/",
            "license": [
                "Apache"
            ],
            "authors": [
                {
                    "name": "Evernote and contributors",
                    "homepage": "https://github.com/evernote/evernote-sdk-php/contributors"
                }
            ],
            "description": "Evernote PHP SDK",
            "homepage": "https://github.com/evernote/evernote-sdk-php",
            "keywords": [
                "api",
                "evernote",
                "sdk"
            ],
            "time": "2013-04-12 17:57:10"
        }
    ],
    "packages-dev": [

    ],
    "aliases": [

    ],
    "minimum-stability": "stable",
    "stability-flags": [

    ],
    "platform": [

    ],
    "platform-dev": [

    ]
}
